{
  "name": "demo",
  "version": "1.0.0",
  "lockfileVersion": 2,
  "requires": true,
  "packages": {
    "": {
      "name": "demo",
      "version": "1.0.0",
      "license": "MIT",
      "dependencies": {
        "@pavelsavara/dotnet-runtime": "^7.0.0-preview.1.22076.8"
      }
    },
    "node_modules/@pavelsavara/dotnet-runtime": {
      "version": "7.0.0-preview.1.22076.8",
      "resolved": "https://registry.npmjs.org/@pavelsavara/dotnet-runtime/-/dotnet-runtime-7.0.0-preview.1.22076.8.tgz",
      "integrity": "sha512-vdFVN7qMeiG/WIsxB1XiwCgqQH1WCFdqiRXhpcRQAiQLmXWGYqqBgDA6rgbTX3U7fFKAWwj7ubFe3cvfiopYYQ=="
    }
  },
  "dependencies": {
    "@pavelsavara/dotnet-runtime": {
      "version": "7.0.0-preview.1.22076.8",
      "resolved": "https://registry.npmjs.org/@pavelsavara/dotnet-runtime/-/dotnet-runtime-7.0.0-preview.1.22076.8.tgz",
      "integrity": "sha512-vdFVN7qMeiG/WIsxB1XiwCgqQH1WCFdqiRXhpcRQAiQLmXWGYqqBgDA6rgbTX3U7fFKAWwj7ubFe3cvfiopYYQ=="
    }
  }
}
